
Microsoft Visual Studio Solution File, Format Version 12.00
# Visual Studio Version 16
VisualStudioVersion = 16.0.28803.352
MinimumVisualStudioVersion = 10.0.40219.1
Project("{FAE04EC0-301F-11D3-BF4B-00C04F79EFBC}") = "CareerCloud.Pocos", "CareerCloud.Pocos\CareerCloud.Pocos.csproj", "{FAAD9795-D2D8-479E-84EA-474EA1C18EA5}"
EndProject
Project("{FAE04EC0-301F-11D3-BF4B-00C04F79EFBC}") = "CareerCloud.UnitTests.Assignment1", "CareerCloud.UnitTests.Assignment1\CareerCloud.UnitTests.Assignment1.csproj", "{0EF4F160-68B1-491A-925F-064D66EC3283}"
EndProject
Project("{FAE04EC0-301F-11D3-BF4B-00C04F79EFBC}") = "CareerCloud.DataAccessLayer", "CareerCloud.DataAccessLayer\CareerCloud.DataAccessLayer.csproj", "{9D140171-05E8-478F-8EDA-1A43BEC0DD24}"
EndProject
Project("{FAE04EC0-301F-11D3-BF4B-00C04F79EFBC}") = "CareerCloud.ADODataAccessLayer", "CareerCloud.ADODataAccessLayer\CareerCloud.ADODataAccessLayer.csproj", "{835EA29D-6B7C-489C-9D36-97E77AF5075C}"
EndProject
Project("{FAE04EC0-301F-11D3-BF4B-00C04F79EFBC}") = "CareerCloud.UnitTests.Assignment2", "..\CareerCloud.UnitTests.Assignment2\CareerCloud.UnitTests.Assignment2\CareerCloud.UnitTests.Assignment2.csproj", "{6E68DDCD-CDB9-4ABF-8DF3-57AE31F474E3}"
EndProject
Project("{FAE04EC0-301F-11D3-BF4B-00C04F79EFBC}") = "CareerCloud.BusinessLogicLayer", "CareerCloud.BusinessLogicLayer\CareerCloud.BusinessLogicLayer.csproj", "{E9FAE3DE-D345-4145-83AD-DC21A1C8978D}"
EndProject
Project("{FAE04EC0-301F-11D3-BF4B-00C04F79EFBC}") = "CareerCloud.UnitTests.Assignment3", "..\CareerCloud.UnitTests.Assignment3\CareerCloud.UnitTests.Assignment3\CareerCloud.UnitTests.Assignment3.csproj", "{2D394F6A-C67B-4127-895E-8F6812942AC5}"
EndProject
Global
	GlobalSection(SolutionConfigurationPlatforms) = preSolution
		Debug|Any CPU = Debug|Any CPU
		Release|Any CPU = Release|Any CPU
	EndGlobalSection
	GlobalSection(ProjectConfigurationPlatforms) = postSolution
		{FAAD9795-D2D8-479E-84EA-474EA1C18EA5}.Debug|Any CPU.ActiveCfg = Debug|Any CPU
		{FAAD9795-D2D8-479E-84EA-474EA1C18EA5}.Debug|Any CPU.Build.0 = Debug|Any CPU
		{FAAD9795-D2D8-479E-84EA-474EA1C18EA5}.Release|Any CPU.ActiveCfg = Release|Any CPU
		{FAAD9795-D2D8-479E-84EA-474EA1C18EA5}.Release|Any CPU.Build.0 = Release|Any CPU
		{0EF4F160-68B1-491A-925F-064D66EC3283}.Debug|Any CPU.ActiveCfg = Debug|Any CPU
		{0EF4F160-68B1-491A-925F-064D66EC3283}.Debug|Any CPU.Build.0 = Debug|Any CPU
		{0EF4F160-68B1-491A-925F-064D66EC3283}.Release|Any CPU.ActiveCfg = Release|Any CPU
		{0EF4F160-68B1-491A-925F-064D66EC3283}.Release|Any CPU.Build.0 = Release|Any CPU
		{9D140171-05E8-478F-8EDA-1A43BEC0DD24}.Debug|Any CPU.ActiveCfg = Debug|Any CPU
		{9D140171-05E8-478F-8EDA-1A43BEC0DD24}.Debug|Any CPU.Build.0 = Debug|Any CPU
		{9D140171-05E8-478F-8EDA-1A43BEC0DD24}.Release|Any CPU.ActiveCfg = Release|Any CPU
		{9D140171-05E8-478F-8EDA-1A43BEC0DD24}.Release|Any CPU.Build.0 = Release|Any CPU
		{835EA29D-6B7C-489C-9D36-97E77AF5075C}.Debug|Any CPU.ActiveCfg = Debug|Any CPU
		{835EA29D-6B7C-489C-9D36-97E77AF5075C}.Debug|Any CPU.Build.0 = Debug|Any CPU
		{835EA29D-6B7C-489C-9D36-97E77AF5075C}.Release|Any CPU.ActiveCfg = Release|Any CPU
		{835EA29D-6B7C-489C-9D36-97E77AF5075C}.Release|Any CPU.Build.0 = Release|Any CPU
		{6E68DDCD-CDB9-4ABF-8DF3-57AE31F474E3}.Debug|Any CPU.ActiveCfg = Debug|Any CPU
		{6E68DDCD-CDB9-4ABF-8DF3-57AE31F474E3}.Debug|Any CPU.Build.0 = Debug|Any CPU
		{6E68DDCD-CDB9-4ABF-8DF3-57AE31F474E3}.Release|Any CPU.ActiveCfg = Release|Any CPU
		{6E68DDCD-CDB9-4ABF-8DF3-57AE31F474E3}.Release|Any CPU.Build.0 = Release|Any CPU
		{E9FAE3DE-D345-4145-83AD-DC21A1C8978D}.Debug|Any CPU.ActiveCfg = Debug|Any CPU
		{E9FAE3DE-D345-4145-83AD-DC21A1C8978D}.Debug|Any CPU.Build.0 = Debug|Any CPU
		{E9FAE3DE-D345-4145-83AD-DC21A1C8978D}.Release|Any CPU.ActiveCfg = Release|Any CPU
		{E9FAE3DE-D345-4145-83AD-DC21A1C8978D}.Release|Any CPU.Build.0 = Release|Any CPU
		{2D394F6A-C67B-4127-895E-8F6812942AC5}.Debug|Any CPU.ActiveCfg = Debug|Any CPU
		{2D394F6A-C67B-4127-895E-8F6812942AC5}.Debug|Any CPU.Build.0 = Debug|Any CPU
		{2D394F6A-C67B-4127-895E-8F6812942AC5}.Release|Any CPU.ActiveCfg = Release|Any CPU
		{2D394F6A-C67B-4127-895E-8F6812942AC5}.Release|Any CPU.Build.0 = Release|Any CPU
	EndGlobalSection
	GlobalSection(SolutionProperties) = preSolution
		HideSolutionNode = FALSE
	EndGlobalSection
	GlobalSection(ExtensibilityGlobals) = postSolution
		SolutionGuid = {D31E4121-446A-4CA0-A9FE-E565287AC7EB}
	EndGlobalSection
EndGlobal
